// !$*UTF8*$!
{
	archiveVersion = 1;
	classes = {
	};
	objectVersion = 48;
	objects = {

/* Begin PBXBuildFile section */
		054D6934207A60D400FE6540 /* AppDelegate.swift in Sources */ = {isa = PBXBuildFile; fileRef = 054D6933207A60D400FE6540 /* AppDelegate.swift */; };
		054D6936207A60D400FE6540 /* ChatViewController.swift in Sources */ = {isa = PBXBuildFile; fileRef = 054D6935207A60D400FE6540 /* ChatViewController.swift */; };
		054D6939207A60D400FE6540 /* Main.storyboard in Resources */ = {isa = PBXBuildFile; fileRef = 054D6937207A60D400FE6540 /* Main.storyboard */; };
		054D693B207A60D400FE6540 /* Assets.xcassets in Resources */ = {isa = PBXBuildFile; fileRef = 054D693A207A60D400FE6540 /* Assets.xcassets */; };
		054D693E207A60D400FE6540 /* LaunchScreen.storyboard in Resources */ = {isa = PBXBuildFile; fileRef = 054D693C207A60D400FE6540 /* LaunchScreen.storyboard */; };
		05C537CB207A64E2003AE9E4 /* Podfile in Resources */ = {isa = PBXBuildFile; fileRef = 05C537CA207A64E2003AE9E4 /* Podfile */; };
		05D80715207A6BDA0083324C /* GoogleService-Info.plist in Resources */ = {isa = PBXBuildFile; fileRef = 05D80714207A6BDA0083324C /* GoogleService-Info.plist */; };
		05D80717207A6CEE0083324C /* Constants.swift in Sources */ = {isa = PBXBuildFile; fileRef = 05D80716207A6CEE0083324C /* Constants.swift */; };
		58DDB00F8942E923502CD8F6 /* Pods_Batooni_ChatApp.framework in Frameworks */ = {isa = PBXBuildFile; fileRef = 228979CCF980C0DBA3D81EF1 /* Pods_Batooni_ChatApp.framework */; };
/* End PBXBuildFile section */

/* Begin PBXFileReference section */
		054D6930207A60D400FE6540 /* Batooni-ChatApp.app */ = {isa = PBXFileReference; explicitFileType = wrapper.application; includeInIndex = 0; path = "Batooni-ChatApp.app"; sourceTree = BUILT_PRODUCTS_DIR; };
		054D6933207A60D400FE6540 /* AppDelegate.swift */ = {isa = PBXFileReference; lastKnownFileType = sourcecode.swift; path = AppDelegate.swift; sourceTree = "<group>"; };
		054D6935207A60D400FE6540 /* ChatViewController.swift */ = {isa = PBXFileReference; lastKnownFileType = sourcecode.swift; path = ChatViewController.swift; sourceTree = "<group>"; };
		054D6938207A60D400FE6540 /* Base */ = {isa = PBXFileReference; lastKnownFileType = file.storyboard; name = Base; path = Base.lproj/Main.storyboard; sourceTree = "<group>"; };
		054D693A207A60D400FE6540 /* Assets.xcassets */ = {isa = PBXFileReference; lastKnownFileType = folder.assetcatalog; path = Assets.xcassets; sourceTree = "<group>"; };
		054D693D207A60D400FE6540 /* Base */ = {isa = PBXFileReference; lastKnownFileType = file.storyboard; name = Base; path = Base.lproj/LaunchScreen.storyboard; sourceTree = "<group>"; };
		054D693F207A60D400FE6540 /* Info.plist */ = {isa = PBXFileReference; lastKnownFileType = text.plist.xml; path = Info.plist; sourceTree = "<group>"; };
		05C537CA207A64E2003AE9E4 /* Podfile */ = {isa = PBXFileReference; fileEncoding = 4; lastKnownFileType = text; path = Podfile; sourceTree = "<group>"; };
		05C537CC207A656B003AE9E4 /* Bridging-Header.h */ = {isa = PBXFileReference; lastKnownFileType = sourcecode.c.h; path = "Bridging-Header.h"; sourceTree = SOURCE_ROOT; };
		05D80714207A6BDA0083324C /* GoogleService-Info.plist */ = {isa = PBXFileReference; fileEncoding = 4; lastKnownFileType = text.plist.xml; path = "GoogleService-Info.plist"; sourceTree = "<group>"; };
		05D80716207A6CEE0083324C /* Constants.swift */ = {isa = PBXFileReference; lastKnownFileType = sourcecode.swift; path = Constants.swift; sourceTree = "<group>"; };
		080BECFB6691E5055BED25AD /* Pods-Batooni-ChatApp.release.xcconfig */ = {isa = PBXFileReference; includeInIndex = 1; lastKnownFileType = text.xcconfig; name = "Pods-Batooni-ChatApp.release.xcconfig"; path = "Pods/Target Support Files/Pods-Batooni-ChatApp/Pods-Batooni-ChatApp.release.xcconfig"; sourceTree = "<group>"; };
		228979CCF980C0DBA3D81EF1 /* Pods_Batooni_ChatApp.framework */ = {isa = PBXFileReference; explicitFileType = wrapper.framework; includeInIndex = 0; path = Pods_Batooni_ChatApp.framework; sourceTree = BUILT_PRODUCTS_DIR; };
		7B543B33331653F467721DAA /* Pods-Batooni-ChatApp.debug.xcconfig */ = {isa = PBXFileReference; includeInIndex = 1; lastKnownFileType = text.xcconfig; name = "Pods-Batooni-ChatApp.debug.xcconfig"; path = "Pods/Target Support Files/Pods-Batooni-ChatApp/Pods-Batooni-ChatApp.debug.xcconfig"; sourceTree = "<group>"; };
/* End PBXFileReference section */

/* Begin PBXFrameworksBuildPhase section */
		054D692D207A60D400FE6540 /* Frameworks */ = {
			isa = PBXFrameworksBuildPhase;
			buildActionMask = 2147483647;
			files = (
				58DDB00F8942E923502CD8F6 /* Pods_Batooni_ChatApp.framework in Frameworks */,
			);
			runOnlyForDeploymentPostprocessing = 0;
		};
/* End PBXFrameworksBuildPhase section */

/* Begin PBXGroup section */
		054D6927207A60D400FE6540 = {
			isa = PBXGroup;
			children = (
				054D6932207A60D400FE6540 /* Batooni-ChatApp */,
				054D6931207A60D400FE6540 /* Products */,
				1735AF3B84FC6941C53CC1C9 /* Pods */,
				A605A0414BBF6BF98F2A3C52 /* Frameworks */,
			);
			sourceTree = "<group>";
		};
		054D6931207A60D400FE6540 /* Products */ = {
			isa = PBXGroup;
			children = (
				054D6930207A60D400FE6540 /* Batooni-ChatApp.app */,
			);
			name = Products;
			sourceTree = "<group>";
		};
		054D6932207A60D400FE6540 /* Batooni-ChatApp */ = {
			isa = PBXGroup;
			children = (
				054D6933207A60D400FE6540 /* AppDelegate.swift */,
				054D6935207A60D400FE6540 /* ChatViewController.swift */,
				054D6937207A60D400FE6540 /* Main.storyboard */,
				054D693A207A60D400FE6540 /* Assets.xcassets */,
				054D693C207A60D400FE6540 /* LaunchScreen.storyboard */,
				054D693F207A60D400FE6540 /* Info.plist */,
				05C537CC207A656B003AE9E4 /* Bridging-Header.h */,
				05D80714207A6BDA0083324C /* GoogleService-Info.plist */,
				05D80716207A6CEE0083324C /* Constants.swift */,
			);
			path = "Batooni-ChatApp";
			sourceTree = "<group>";
		};
		1735AF3B84FC6941C53CC1C9 /* Pods */ = {
			isa = PBXGroup;
			children = (
				05C537CA207A64E2003AE9E4 /* Podfile */,
				7B543B33331653F467721DAA /* Pods-Batooni-ChatApp.debug.xcconfig */,
				080BECFB6691E5055BED25AD /* Pods-Batooni-ChatApp.release.xcconfig */,
			);
			name = Pods;
			sourceTree = "<group>";
		};
		A605A0414BBF6BF98F2A3C52 /* Frameworks */ = {
			isa = PBXGroup;
			children = (
				228979CCF980C0DBA3D81EF1 /* Pods_Batooni_ChatApp.framework */,
			);
			name = Frameworks;
			sourceTree = "<group>";
		};
/* End PBXGroup section */

/* Begin PBXNativeTarget section */
		054D692F207A60D400FE6540 /* Batooni-ChatApp */ = {
			isa = PBXNativeTarget;
			buildConfigurationList = 054D6942207A60D400FE6540 /* Build configuration list for PBXNativeTarget "Batooni-ChatApp" */;
			buildPhases = (
				8F80BD16C51C3CD3C9F463C2 /* [CP] Check Pods Manifest.lock */,
				054D692C207A60D400FE6540 /* Sources */,
				054D692D207A60D400FE6540 /* Frameworks */,
				054D692E207A60D400FE6540 /* Resources */,
				30B505C36E9374DB0BFDE11E /* [CP] Embed Pods Frameworks */,
				5CE34F7F57DA71BD7DDC67A2 /* [CP] Copy Pods Resources */,
			);
			buildRules = (
			);
			dependencies = (
			);
			name = "Batooni-ChatApp";
			productName = "Batooni-ChatApp";
			productReference = 054D6930207A60D400FE6540 /* Batooni-ChatApp.app */;
			productType = "com.apple.product-type.application";
		};
/* End PBXNativeTarget section */

/* Begin PBXProject section */
		054D6928207A60D400FE6540 /* Project object */ = {
			isa = PBXProject;
			attributes = {
				LastSwiftUpdateCheck = 0920;
				LastUpgradeCheck = 0920;
				ORGANIZATIONNAME = Pravir;
				TargetAttributes = {
					054D692F207A60D400FE6540 = {
						CreatedOnToolsVersion = 9.2;
						ProvisioningStyle = Automatic;
					};
				};
			};
			buildConfigurationList = 054D692B207A60D400FE6540 /* Build configuration list for PBXProject "Batooni-ChatApp" */;
			compatibilityVersion = "Xcode 8.0";
			developmentRegion = en;
			hasScannedForEncodings = 0;
			knownRegions = (
				en,
				Base,
			);
			mainGroup = 054D6927207A60D400FE6540;
			productRefGroup = 054D6931207A60D400FE6540 /* Products */;
			projectDirPath = "";
			projectRoot = "";
			targets = (
				054D692F207A60D400FE6540 /* Batooni-ChatApp */,
			);
		};
/* End PBXProject section */

/* Begin PBXResourcesBuildPhase section */
		054D692E207A60D400FE6540 /* Resources */ = {
			isa = PBXResourcesBuildPhase;
			buildActionMask = 2147483647;
			files = (
				054D693E207A60D400FE6540 /* LaunchScreen.storyboard in Resources */,
				054D693B207A60D400FE6540 /* Assets.xcassets in Resources */,
				05D80715207A6BDA0083324C /* GoogleService-Info.plist in Resources */,
				05C537CB207A64E2003AE9E4 /* Podfile in Resources */,
				054D6939207A60D400FE6540 /* Main.storyboard in Resources */,
			);
			runOnlyForDeploymentPostprocessing = 0;
		};
/* End PBXResourcesBuildPhase section */

/* Begin PBXShellScriptBuildPhase section */
		30B505C36E9374DB0BFDE11E /* [CP] Embed Pods Frameworks */ = {
			isa = PBXShellScriptBuildPhase;
			buildActionMask = 2147483647;
			files = (
			);
			inputPaths = (
				"${SRCROOT}/Pods/Target Support Files/Pods-Batooni-ChatApp/Pods-Batooni-ChatApp-frameworks.sh",
				"${BUILT_PRODUCTS_DIR}/GTMSessionFetcher/GTMSessionFetcher.framework",
				"${BUILT_PRODUCTS_DIR}/GoogleToolboxForMac/GoogleToolboxForMac.framework",
				"${BUILT_PRODUCTS_DIR}/JSQMessagesViewController/JSQMessagesViewController.framework",
				"${BUILT_PRODUCTS_DIR}/JSQSystemSoundPlayer/JSQSystemSoundPlayer.framework",
				"${BUILT_PRODUCTS_DIR}/leveldb-library/leveldb.framework",
				"${BUILT_PRODUCTS_DIR}/nanopb/nanopb.framework",
			);
			name = "[CP] Embed Pods Frameworks";
			outputPaths = (
				"${TARGET_BUILD_DIR}/${FRAMEWORKS_FOLDER_PATH}/GTMSessionFetcher.framework",
				"${TARGET_BUILD_DIR}/${FRAMEWORKS_FOLDER_PATH}/GoogleToolboxForMac.framework",
				"${TARGET_BUILD_DIR}/${FRAMEWORKS_FOLDER_PATH}/JSQMessagesViewController.framework",
				"${TARGET_BUILD_DIR}/${FRAMEWORKS_FOLDER_PATH}/JSQSystemSoundPlayer.framework",
				"${TARGET_BUILD_DIR}/${FRAMEWORKS_FOLDER_PATH}/leveldb.framework",
				"${TARGET_BUILD_DIR}/${FRAMEWORKS_FOLDER_PATH}/nanopb.framework",
			);
			runOnlyForDeploymentPostprocessing = 0;
			shellPath = /bin/sh;
			shellScript = "\"${SRCROOT}/Pods/Target Support Files/Pods-Batooni-ChatApp/Pods-Batooni-ChatApp-frameworks.sh\"\n";
			showEnvVarsInLog = 0;
		};
		5CE34F7F57DA71BD7DDC67A2 /* [CP] Copy Pods Resources */ = {
			isa = PBXShellScriptBuildPhase;
			buildActionMask = 2147483647;
			files = (
			);
			inputPaths = (
			);
			name = "[CP] Copy Pods Resources";
			outputPaths = (
			);
			runOnlyForDeploymentPostprocessing = 0;
			shellPath = /bin/sh;
			shellScript = "\"${SRCROOT}/Pods/Target Support Files/Pods-Batooni-ChatApp/Pods-Batooni-ChatApp-resources.sh\"\n";
			showEnvVarsInLog = 0;
		};
		8F80BD16C51C3CD3C9F463C2 /* [CP] Check Pods Manifest.lock */ = {
			isa = PBXShellScriptBuildPhase;
			buildActionMask = 2147483647;
			files = (
			);
			inputPaths = (
				"${PODS_PODFILE_DIR_PATH}/Podfile.lock",
				"${PODS_ROOT}/Manifest.lock",
			);
			name = "[CP] Check Pods Manifest.lock";
			outputPaths = (
				"$(DERIVED_FILE_DIR)/Pods-Batooni-ChatApp-checkManifestLockResult.txt",
			);
			runOnlyForDeploymentPostprocessing = 0;
			shellPath = /bin/sh;
			shellScript = "diff \"${PODS_PODFILE_DIR_PATH}/Podfile.lock\" \"${PODS_ROOT}/Manifest.lock\" > /dev/null\nif [ $? != 0 ] ; then\n    # print error to STDERR\n    echo \"error: The sandbox is not in sync with the Podfile.lock. Run 'pod install' or update your CocoaPods installation.\" >&2\n    exit 1\nfi\n# This output is used by Xcode 'outputs' to avoid re-running this script phase.\necho \"SUCCESS\" > \"${SCRIPT_OUTPUT_FILE_0}\"\n";
			showEnvVarsInLog = 0;
		};
/* End PBXShellScriptBuildPhase section */

/* Begin PBXSourcesBuildPhase section */
		054D692C207A60D400FE6540 /* Sources */ = {
			isa = PBXSourcesBuildPhase;
			buildActionMask = 2147483647;
			files = (
				054D6936207A60D400FE6540 /* ChatViewController.swift in Sources */,
				054D6934207A60D400FE6540 /* AppDelegate.swift in Sources */,
				05D80717207A6CEE0083324C /* Constants.swift in Sources */,
			);
			runOnlyForDeploymentPostprocessing = 0;
		};
/* End PBXSourcesBuildPhase section */

/* Begin PBXVariantGroup section */
		054D6937207A60D400FE6540 /* Main.storyboard */ = {
			isa = PBXVariantGroup;
			children = (
				054D6938207A60D400FE6540 /* Base */,
			);
			name = Main.storyboard;
			sourceTree = "<group>";
		};
		054D693C207A60D400FE6540 /* LaunchScreen.storyboard */ = {
			isa = PBXVariantGroup;
			children = (
				054D693D207A60D400FE6540 /* Base */,
			);
			name = LaunchScreen.storyboard;
			sourceTree = "<group>";
		};
/* End PBXVariantGroup section */

/* Begin XCBuildConfiguration section */
		054D6940207A60D400FE6540 /* Debug */ = {
			isa = XCBuildConfiguration;
			buildSettings = {
				ALWAYS_SEARCH_USER_PATHS = NO;
				CLANG_ANALYZER_NONNULL = YES;
				CLANG_ANALYZER_NUMBER_OBJECT_CONVERSION = YES_AGGRESSIVE;
				CLANG_CXX_LANGUAGE_STANDARD = "gnu++14";
				CLANG_CXX_LIBRARY = "libc++";
				CLANG_ENABLE_MODULES = YES;
				CLANG_ENABLE_OBJC_ARC = YES;
				CLANG_WARN_BLOCK_CAPTURE_AUTORELEASING = YES;
				CLANG_WARN_BOOL_CONVERSION = YES;
				CLANG_WARN_COMMA = YES;
				CLANG_WARN_CONSTANT_CONVERSION = YES;
				CLANG_WARN_DIRECT_OBJC_ISA_USAGE = YES_ERROR;
				CLANG_WARN_DOCUMENTATION_COMMENTS = YES;
				CLANG_WARN_EMPTY_BODY = YES;
				CLANG_WARN_ENUM_CONVERSION = YES;
				CLANG_WARN_INFINITE_RECURSION = YES;
				CLANG_WARN_INT_CONVERSION = YES;
				CLANG_WARN_NON_LITERAL_NULL_CONVERSION = YES;
				CLANG_WARN_OBJC_LITERAL_CONVERSION = YES;
				CLANG_WARN_OBJC_ROOT_CLASS = YES_ERROR;
				CLANG_WARN_RANGE_LOOP_ANALYSIS = YES;
				CLANG_WARN_STRICT_PROTOTYPES = YES;
				CLANG_WARN_SUSPICIOUS_MOVE = YES;
				CLANG_WARN_UNGUARDED_AVAILABILITY = YES_AGGRESSIVE;
				CLANG_WARN_UNREACHABLE_CODE = YES;
				CLANG_WARN__DUPLICATE_METHOD_MATCH = YES;
				CODE_SIGN_IDENTITY = "iPhone Developer";
				COPY_PHASE_STRIP = NO;
				DEBUG_INFORMATION_FORMAT = dwarf;
				ENABLE_STRICT_OBJC_MSGSEND = YES;
				ENABLE_TESTABILITY = YES;
				GCC_C_LANGUAGE_STANDARD = gnu11;
				GCC_DYNAMIC_NO_PIC = NO;
				GCC_NO_COMMON_BLOCKS = YES;
				GCC_OPTIMIZATION_LEVEL = 0;
				GCC_PREPROCESSOR_DEFINITIONS = (
					"DEBUG=1",
					"$(inherited)",
				);
				GCC_WARN_64_TO_32_BIT_CONVERSION = YES;
				GCC_WARN_ABOUT_RETURN_TYPE = YES_ERROR;
				GCC_WARN_UNDECLARED_SELECTOR = YES;
				GCC_WARN_UNINITIALIZED_AUTOS = YES_AGGRESSIVE;
				GCC_WARN_UNUSED_FUNCTION = YES;
				GCC_WARN_UNUSED_VARIABLE = YES;
				IPHONEOS_DEPLOYMENT_TARGET = 11.2;
				MTL_ENABLE_DEBUG_INFO = YES;
				ONLY_ACTIVE_ARCH = YES;
				SDKROOT = iphoneos;
				SWIFT_ACTIVE_COMPILATION_CONDITIONS = DEBUG;
				SWIFT_OPTIMIZATION_LEVEL = "-Onone";
			};
			name = Debug;
		};
		054D6941207A60D400FE6540 /* Release */ = {
			isa = XCBuildConfiguration;
			buildSettings = {
				ALWAYS_SEARCH_USER_PATHS = NO;
				CLANG_ANALYZER_NONNULL = YES;
				CLANG_ANALYZER_NUMBER_OBJECT_CONVERSION = YES_AGGRESSIVE;
				CLANG_CXX_LANGUAGE_STANDARD = "gnu++14";
				CLANG_CXX_LIBRARY = "libc++";
				CLANG_ENABLE_MODULES = YES;
				CLANG_ENABLE_OBJC_ARC = YES;
				CLANG_WARN_BLOCK_CAPTURE_AUTORELEASING = YES;
				CLANG_WARN_BOOL_CONVERSION = YES;
				CLANG_WARN_COMMA = YES;
				CLANG_WARN_CONSTANT_CONVERSION = YES;
				CLANG_WARN_DIRECT_OBJC_ISA_USAGE = YES_ERROR;
				CLANG_WARN_DOCUMENTATION_COMMENTS = YES;
				CLANG_WARN_EMPTY_BODY = YES;
				CLANG_WARN_ENUM_CONVERSION = YES;
				CLANG_WARN_INFINITE_RECURSION = YES;
				CLANG_WARN_INT_CONVERSION = YES;
				CLANG_WARN_NON_LITERAL_NULL_CONVERSION = YES;
				CLANG_WARN_OBJC_LITERAL_CONVERSION = YES;
				CLANG_WARN_OBJC_ROOT_CLASS = YES_ERROR;
				CLANG_WARN_RANGE_LOOP_ANALYSIS = YES;
				CLANG_WARN_STRICT_PROTOTYPES = YES;
				CLANG_WARN_SUSPICIOUS_MOVE = YES;
				CLANG_WARN_UNGUARDED_AVAILABILITY = YES_AGGRESSIVE;
				CLANG_WARN_UNREACHABLE_CODE = YES;
				CLANG_WARN__DUPLICATE_METHOD_MATCH = YES;
				CODE_SIGN_IDENTITY = "iPhone Developer";
				COPY_PHASE_STRIP = NO;
				DEBUG_INFORMATION_FORMAT = "dwarf-with-dsym";
				ENABLE_NS_ASSERTIONS = NO;
				ENABLE_STRICT_OBJC_MSGSEND = YES;
				GCC_C_LANGUAGE_STANDARD = gnu11;
				GCC_NO_COMMON_BLOCKS = YES;
				GCC_WARN_64_TO_32_BIT_CONVERSION = YES;
				GCC_WARN_ABOUT_RETURN_TYPE = YES_ERROR;
				GCC_WARN_UNDECLARED_SELECTOR = YES;
				GCC_WARN_UNINITIALIZED_AUTOS = YES_AGGRESSIVE;
				GCC_WARN_UNUSED_FUNCTION = YES;
				GCC_WARN_UNUSED_VARIABLE = YES;
				IPHONEOS_DEPLOYMENT_TARGET = 11.2;
				MTL_ENABLE_DEBUG_INFO = NO;
				SDKROOT = iphoneos;
				SWIFT_OPTIMIZATION_LEVEL = "-Owholemodule";
				VALIDATE_PRODUCT = YES;
			};
			name = Release;
		};
		054D6943207A60D400FE6540 /* Debug */ = {
			isa = XCBuildConfiguration;
			baseConfigurationReference = 7B543B33331653F467721DAA /* Pods-Batooni-ChatApp.debug.xcconfig */;
			buildSettings = {
				ASSETCATALOG_COMPILER_APPICON_NAME = AppIcon;
				CODE_SIGN_STYLE = Automatic;
				DEVELOPMENT_TEAM = 2G5GCCD44G;
				INFOPLIST_FILE = "Batooni-ChatApp/Info.plist";
				IPHONEOS_DEPLOYMENT_TARGET = 10;
				LD_RUNPATH_SEARCH_PATHS = "$(inherited) @executable_path/Frameworks";
				PRODUCT_BUNDLE_IDENTIFIER = "com.pravir.Batooni-ChatApp";
				PRODUCT_NAME = "$(TARGET_NAME)";
				SWIFT_OBJC_BRIDGING_HEADER = "Bridging-Header.h";
				SWIFT_VERSION = 4.0;
				TARGETED_DEVICE_FAMILY = "1,2";
			};
			name = Debug;
		};
		054D6944207A60D400FE6540 /* Release */ = {
			isa = XCBuildConfiguration;
			baseConfigurationReference = 080BECFB6691E5055BED25AD /* Pods-Batooni-ChatApp.release.xcconfig */;
			buildSettings = {
				ASSETCATALOG_COMPILER_APPICON_NAME = AppIcon;
				CODE_SIGN_STYLE = Automatic;
				DEVELOPMENT_TEAM = 2G5GCCD44G;
				INFOPLIST_FILE = "Batooni-ChatApp/Info.plist";
				IPHONEOS_DEPLOYMENT_TARGET = 10;
				LD_RUNPATH_SEARCH_PATHS = "$(inherited) @executable_path/Frameworks";
				PRODUCT_BUNDLE_IDENTIFIER = "com.pravir.Batooni-ChatApp";
				PRODUCT_NAME = "$(TARGET_NAME)";
				SWIFT_OBJC_BRIDGING_HEADER = "Bridging-Header.h";
				SWIFT_VERSION = 4.0;
				TARGETED_DEVICE_FAMILY = "1,2";
			};
			name = Release;
		};
/* End XCBuildConfiguration section */

/* Begin XCConfigurationList section */
		054D692B207A60D400FE6540 /* Build configuration list for PBXProject "Batooni-ChatApp" */ = {
			isa = XCConfigurationList;
			buildConfigurations = (
				054D6940207A60D400FE6540 /* Debug */,
				054D6941207A60D400FE6540 /* Release */,
			);
			defaultConfigurationIsVisible = 0;
			defaultConfigurationName = Release;
		};
		054D6942207A60D400FE6540 /* Build configuration list for PBXNativeTarget "Batooni-ChatApp" */ = {
			isa = XCConfigurationList;
			buildConfigurations = (
				054D6943207A60D400FE6540 /* Debug */,
				054D6944207A60D400FE6540 /* Release */,
			);
			defaultConfigurationIsVisible = 0;
			defaultConfigurationName = Release;
		};
/* End XCConfigurationList section */
	};
	rootObject = 054D6928207A60D400FE6540 /* Project object */;
}
